
Microsoft Visual Studio Solution File, Format Version 12.00
# Visual Studio Version 16
Project("{2150E333-8FDC-42A3-9474-1A3956D46DE8}") = "CMakePredefinedTargets", "CMakePredefinedTargets", "{E5FFD406-813F-3431-8CC0-004F5A9BE04D}"
EndProject
Project("{2150E333-8FDC-42A3-9474-1A3956D46DE8}") = "External", "External", "{A1294B4D-02B5-327D-9BF2-E21A88722FB1}"
EndProject
Project("{2150E333-8FDC-42A3-9474-1A3956D46DE8}") = "Internal", "Internal", "{352B5538-A4E7-3FA5-90D6-7C3F14BA8966}"
EndProject
Project("{8BC9CEB8-8B4A-11D0-8D11-00A0C91BC942}") = "ALL_BUILD", "ALL_BUILD.vcxproj", "{95459A1B-421C-3FD8-849B-44551C188A6A}"
	ProjectSection(ProjectDependencies) = postProject
		{9EDF878C-536D-3411-BFC2-B4103AFBDF41} = {9EDF878C-536D-3411-BFC2-B4103AFBDF41}
		{0CB45902-82AD-3BC0-89DF-60E22148775A} = {0CB45902-82AD-3BC0-89DF-60E22148775A}
		{6A6320F9-32D8-3AA4-BBCD-B0D00F869B4C} = {6A6320F9-32D8-3AA4-BBCD-B0D00F869B4C}
		{69FE8F23-0BA6-35F9-83D9-151EB7698844} = {69FE8F23-0BA6-35F9-83D9-151EB7698844}
		{406FA4EC-97EE-310C-9B8D-60B0D4EA5D76} = {406FA4EC-97EE-310C-9B8D-60B0D4EA5D76}
		{ACD1ACA6-7FC4-30E2-B33A-EA56CEAE989D} = {ACD1ACA6-7FC4-30E2-B33A-EA56CEAE989D}
		{13D3B99F-31E8-3925-A55B-BD0B9A03B4C9} = {13D3B99F-31E8-3925-A55B-BD0B9A03B4C9}
		{A7D260CB-44F1-3F21-88BD-DF014E75C5BE} = {A7D260CB-44F1-3F21-88BD-DF014E75C5BE}
		{9A33A52E-2398-3259-8FDB-9D138CE002CF} = {9A33A52E-2398-3259-8FDB-9D138CE002CF}
		{87EC2A09-3860-3FE3-AF6A-7CB8D446C06B} = {87EC2A09-3860-3FE3-AF6A-7CB8D446C06B}
		{FA902945-401A-3606-9077-56203E088C58} = {FA902945-401A-3606-9077-56203E088C58}
		{D63AD680-EDFE-3F17-9CC5-7F92ADF5DF58} = {D63AD680-EDFE-3F17-9CC5-7F92ADF5DF58}
		{1D293A3E-D027-3ADC-810E-7E11E7A51A00} = {1D293A3E-D027-3ADC-810E-7E11E7A51A00}
		{F9255BB3-7501-3938-82C3-AF538C01732E} = {F9255BB3-7501-3938-82C3-AF538C01732E}
	EndProjectSection
EndProject
Project("{8BC9CEB8-8B4A-11D0-8D11-00A0C91BC942}") = "FireflyRace", "FireflyRace.vcxproj", "{9EDF878C-536D-3411-BFC2-B4103AFBDF41}"
	ProjectSection(ProjectDependencies) = postProject
		{0CB45902-82AD-3BC0-89DF-60E22148775A} = {0CB45902-82AD-3BC0-89DF-60E22148775A}
		{6A6320F9-32D8-3AA4-BBCD-B0D00F869B4C} = {6A6320F9-32D8-3AA4-BBCD-B0D00F869B4C}
		{69FE8F23-0BA6-35F9-83D9-151EB7698844} = {69FE8F23-0BA6-35F9-83D9-151EB7698844}
		{406FA4EC-97EE-310C-9B8D-60B0D4EA5D76} = {406FA4EC-97EE-310C-9B8D-60B0D4EA5D76}
		{ACD1ACA6-7FC4-30E2-B33A-EA56CEAE989D} = {ACD1ACA6-7FC4-30E2-B33A-EA56CEAE989D}
		{13D3B99F-31E8-3925-A55B-BD0B9A03B4C9} = {13D3B99F-31E8-3925-A55B-BD0B9A03B4C9}
		{A7D260CB-44F1-3F21-88BD-DF014E75C5BE} = {A7D260CB-44F1-3F21-88BD-DF014E75C5BE}
		{9A33A52E-2398-3259-8FDB-9D138CE002CF} = {9A33A52E-2398-3259-8FDB-9D138CE002CF}
		{87EC2A09-3860-3FE3-AF6A-7CB8D446C06B} = {87EC2A09-3860-3FE3-AF6A-7CB8D446C06B}
		{FA902945-401A-3606-9077-56203E088C58} = {FA902945-401A-3606-9077-56203E088C58}
		{D63AD680-EDFE-3F17-9CC5-7F92ADF5DF58} = {D63AD680-EDFE-3F17-9CC5-7F92ADF5DF58}
		{1D293A3E-D027-3ADC-810E-7E11E7A51A00} = {1D293A3E-D027-3ADC-810E-7E11E7A51A00}
		{F9255BB3-7501-3938-82C3-AF538C01732E} = {F9255BB3-7501-3938-82C3-AF538C01732E}
	EndProjectSection
EndProject
Project("{8BC9CEB8-8B4A-11D0-8D11-00A0C91BC942}") = "ZERO_CHECK", "ZERO_CHECK.vcxproj", "{0CB45902-82AD-3BC0-89DF-60E22148775A}"
	ProjectSection(ProjectDependencies) = postProject
	EndProjectSection
EndProject
Project("{8BC9CEB8-8B4A-11D0-8D11-00A0C91BC942}") = "cocos2d", "engine\cocos\core\cocos2d.vcxproj", "{6A6320F9-32D8-3AA4-BBCD-B0D00F869B4C}"
	ProjectSection(ProjectDependencies) = postProject
		{0CB45902-82AD-3BC0-89DF-60E22148775A} = {0CB45902-82AD-3BC0-89DF-60E22148775A}
		{69FE8F23-0BA6-35F9-83D9-151EB7698844} = {69FE8F23-0BA6-35F9-83D9-151EB7698844}
		{406FA4EC-97EE-310C-9B8D-60B0D4EA5D76} = {406FA4EC-97EE-310C-9B8D-60B0D4EA5D76}
		{ACD1ACA6-7FC4-30E2-B33A-EA56CEAE989D} = {ACD1ACA6-7FC4-30E2-B33A-EA56CEAE989D}
		{13D3B99F-31E8-3925-A55B-BD0B9A03B4C9} = {13D3B99F-31E8-3925-A55B-BD0B9A03B4C9}
		{A7D260CB-44F1-3F21-88BD-DF014E75C5BE} = {A7D260CB-44F1-3F21-88BD-DF014E75C5BE}
		{9A33A52E-2398-3259-8FDB-9D138CE002CF} = {9A33A52E-2398-3259-8FDB-9D138CE002CF}
		{87EC2A09-3860-3FE3-AF6A-7CB8D446C06B} = {87EC2A09-3860-3FE3-AF6A-7CB8D446C06B}
		{FA902945-401A-3606-9077-56203E088C58} = {FA902945-401A-3606-9077-56203E088C58}
		{D63AD680-EDFE-3F17-9CC5-7F92ADF5DF58} = {D63AD680-EDFE-3F17-9CC5-7F92ADF5DF58}
		{1D293A3E-D027-3ADC-810E-7E11E7A51A00} = {1D293A3E-D027-3ADC-810E-7E11E7A51A00}
		{F9255BB3-7501-3938-82C3-AF538C01732E} = {F9255BB3-7501-3938-82C3-AF538C01732E}
	EndProjectSection
EndProject
Project("{8BC9CEB8-8B4A-11D0-8D11-00A0C91BC942}") = "ext_clipper", "engine\external\clipper\ext_clipper.vcxproj", "{69FE8F23-0BA6-35F9-83D9-151EB7698844}"
	ProjectSection(ProjectDependencies) = postProject
		{0CB45902-82AD-3BC0-89DF-60E22148775A} = {0CB45902-82AD-3BC0-89DF-60E22148775A}
	EndProjectSection
EndProject
Project("{8BC9CEB8-8B4A-11D0-8D11-00A0C91BC942}") = "ext_convertUTF", "engine\external\ConvertUTF\ext_convertUTF.vcxproj", "{406FA4EC-97EE-310C-9B8D-60B0D4EA5D76}"
	ProjectSection(ProjectDependencies) = postProject
		{0CB45902-82AD-3BC0-89DF-60E22148775A} = {0CB45902-82AD-3BC0-89DF-60E22148775A}
	EndProjectSection
EndProject
Project("{8BC9CEB8-8B4A-11D0-8D11-00A0C91BC942}") = "ext_edtaa3func", "engine\external\edtaa3func\ext_edtaa3func.vcxproj", "{ACD1ACA6-7FC4-30E2-B33A-EA56CEAE989D}"
	ProjectSection(ProjectDependencies) = postProject
		{0CB45902-82AD-3BC0-89DF-60E22148775A} = {0CB45902-82AD-3BC0-89DF-60E22148775A}
	EndProjectSection
EndProject
Project("{8BC9CEB8-8B4A-11D0-8D11-00A0C91BC942}") = "ext_md5", "engine\external\md5\ext_md5.vcxproj", "{13D3B99F-31E8-3925-A55B-BD0B9A03B4C9}"
	ProjectSection(ProjectDependencies) = postProject
		{0CB45902-82AD-3BC0-89DF-60E22148775A} = {0CB45902-82AD-3BC0-89DF-60E22148775A}
	EndProjectSection
EndProject
Project("{8BC9CEB8-8B4A-11D0-8D11-00A0C91BC942}") = "ext_poly2tri", "engine\external\poly2tri\ext_poly2tri.vcxproj", "{A7D260CB-44F1-3F21-88BD-DF014E75C5BE}"
	ProjectSection(ProjectDependencies) = postProject
		{0CB45902-82AD-3BC0-89DF-60E22148775A} = {0CB45902-82AD-3BC0-89DF-60E22148775A}
	EndProjectSection
EndProject
Project("{8BC9CEB8-8B4A-11D0-8D11-00A0C91BC942}") = "ext_recast", "engine\external\recast\ext_recast.vcxproj", "{9A33A52E-2398-3259-8FDB-9D138CE002CF}"
	ProjectSection(ProjectDependencies) = postProject
		{0CB45902-82AD-3BC0-89DF-60E22148775A} = {0CB45902-82AD-3BC0-89DF-60E22148775A}
	EndProjectSection
EndProject
Project("{8BC9CEB8-8B4A-11D0-8D11-00A0C91BC942}") = "ext_tinyxml2", "engine\external\tinyxml2\ext_tinyxml2.vcxproj", "{87EC2A09-3860-3FE3-AF6A-7CB8D446C06B}"
	ProjectSection(ProjectDependencies) = postProject
		{0CB45902-82AD-3BC0-89DF-60E22148775A} = {0CB45902-82AD-3BC0-89DF-60E22148775A}
	EndProjectSection
EndProject
Project("{8BC9CEB8-8B4A-11D0-8D11-00A0C91BC942}") = "ext_unzip", "engine\external\unzip\ext_unzip.vcxproj", "{FA902945-401A-3606-9077-56203E088C58}"
	ProjectSection(ProjectDependencies) = postProject
		{0CB45902-82AD-3BC0-89DF-60E22148775A} = {0CB45902-82AD-3BC0-89DF-60E22148775A}
	EndProjectSection
EndProject
Project("{8BC9CEB8-8B4A-11D0-8D11-00A0C91BC942}") = "ext_xxhash", "engine\external\xxhash\ext_xxhash.vcxproj", "{D63AD680-EDFE-3F17-9CC5-7F92ADF5DF58}"
	ProjectSection(ProjectDependencies) = postProject
		{0CB45902-82AD-3BC0-89DF-60E22148775A} = {0CB45902-82AD-3BC0-89DF-60E22148775A}
	EndProjectSection
EndProject
Project("{8BC9CEB8-8B4A-11D0-8D11-00A0C91BC942}") = "ext_xxtea", "engine\external\xxtea\ext_xxtea.vcxproj", "{1D293A3E-D027-3ADC-810E-7E11E7A51A00}"
	ProjectSection(ProjectDependencies) = postProject
		{0CB45902-82AD-3BC0-89DF-60E22148775A} = {0CB45902-82AD-3BC0-89DF-60E22148775A}
	EndProjectSection
EndProject
Project("{8BC9CEB8-8B4A-11D0-8D11-00A0C91BC942}") = "external", "engine\external\external.vcxproj", "{F9255BB3-7501-3938-82C3-AF538C01732E}"
	ProjectSection(ProjectDependencies) = postProject
		{0CB45902-82AD-3BC0-89DF-60E22148775A} = {0CB45902-82AD-3BC0-89DF-60E22148775A}
		{69FE8F23-0BA6-35F9-83D9-151EB7698844} = {69FE8F23-0BA6-35F9-83D9-151EB7698844}
		{406FA4EC-97EE-310C-9B8D-60B0D4EA5D76} = {406FA4EC-97EE-310C-9B8D-60B0D4EA5D76}
		{ACD1ACA6-7FC4-30E2-B33A-EA56CEAE989D} = {ACD1ACA6-7FC4-30E2-B33A-EA56CEAE989D}
		{13D3B99F-31E8-3925-A55B-BD0B9A03B4C9} = {13D3B99F-31E8-3925-A55B-BD0B9A03B4C9}
		{A7D260CB-44F1-3F21-88BD-DF014E75C5BE} = {A7D260CB-44F1-3F21-88BD-DF014E75C5BE}
		{9A33A52E-2398-3259-8FDB-9D138CE002CF} = {9A33A52E-2398-3259-8FDB-9D138CE002CF}
		{87EC2A09-3860-3FE3-AF6A-7CB8D446C06B} = {87EC2A09-3860-3FE3-AF6A-7CB8D446C06B}
		{FA902945-401A-3606-9077-56203E088C58} = {FA902945-401A-3606-9077-56203E088C58}
		{D63AD680-EDFE-3F17-9CC5-7F92ADF5DF58} = {D63AD680-EDFE-3F17-9CC5-7F92ADF5DF58}
		{1D293A3E-D027-3ADC-810E-7E11E7A51A00} = {1D293A3E-D027-3ADC-810E-7E11E7A51A00}
	EndProjectSection
EndProject
Global
	GlobalSection(SolutionConfigurationPlatforms) = preSolution
		Debug|Win32 = Debug|Win32
		Release|Win32 = Release|Win32
	EndGlobalSection
	GlobalSection(ProjectConfigurationPlatforms) = postSolution
		{95459A1B-421C-3FD8-849B-44551C188A6A}.Debug|Win32.ActiveCfg = Debug|Win32
		{95459A1B-421C-3FD8-849B-44551C188A6A}.Release|Win32.ActiveCfg = Release|Win32
		{9EDF878C-536D-3411-BFC2-B4103AFBDF41}.Debug|Win32.ActiveCfg = Debug|Win32
		{9EDF878C-536D-3411-BFC2-B4103AFBDF41}.Debug|Win32.Build.0 = Debug|Win32
		{9EDF878C-536D-3411-BFC2-B4103AFBDF41}.Release|Win32.ActiveCfg = Release|Win32
		{9EDF878C-536D-3411-BFC2-B4103AFBDF41}.Release|Win32.Build.0 = Release|Win32
		{0CB45902-82AD-3BC0-89DF-60E22148775A}.Debug|Win32.ActiveCfg = Debug|Win32
		{0CB45902-82AD-3BC0-89DF-60E22148775A}.Debug|Win32.Build.0 = Debug|Win32
		{0CB45902-82AD-3BC0-89DF-60E22148775A}.Release|Win32.ActiveCfg = Release|Win32
		{0CB45902-82AD-3BC0-89DF-60E22148775A}.Release|Win32.Build.0 = Release|Win32
		{6A6320F9-32D8-3AA4-BBCD-B0D00F869B4C}.Debug|Win32.ActiveCfg = Debug|Win32
		{6A6320F9-32D8-3AA4-BBCD-B0D00F869B4C}.Debug|Win32.Build.0 = Debug|Win32
		{6A6320F9-32D8-3AA4-BBCD-B0D00F869B4C}.Release|Win32.ActiveCfg = Release|Win32
		{6A6320F9-32D8-3AA4-BBCD-B0D00F869B4C}.Release|Win32.Build.0 = Release|Win32
		{69FE8F23-0BA6-35F9-83D9-151EB7698844}.Debug|Win32.ActiveCfg = Debug|Win32
		{69FE8F23-0BA6-35F9-83D9-151EB7698844}.Debug|Win32.Build.0 = Debug|Win32
		{69FE8F23-0BA6-35F9-83D9-151EB7698844}.Release|Win32.ActiveCfg = Release|Win32
		{69FE8F23-0BA6-35F9-83D9-151EB7698844}.Release|Win32.Build.0 = Release|Win32
		{406FA4EC-97EE-310C-9B8D-60B0D4EA5D76}.Debug|Win32.ActiveCfg = Debug|Win32
		{406FA4EC-97EE-310C-9B8D-60B0D4EA5D76}.Debug|Win32.Build.0 = Debug|Win32
		{406FA4EC-97EE-310C-9B8D-60B0D4EA5D76}.Release|Win32.ActiveCfg = Release|Win32
		{406FA4EC-97EE-310C-9B8D-60B0D4EA5D76}.Release|Win32.Build.0 = Release|Win32
		{ACD1ACA6-7FC4-30E2-B33A-EA56CEAE989D}.Debug|Win32.ActiveCfg = Debug|Win32
		{ACD1ACA6-7FC4-30E2-B33A-EA56CEAE989D}.Debug|Win32.Build.0 = Debug|Win32
		{ACD1ACA6-7FC4-30E2-B33A-EA56CEAE989D}.Release|Win32.ActiveCfg = Release|Win32
		{ACD1ACA6-7FC4-30E2-B33A-EA56CEAE989D}.Release|Win32.Build.0 = Release|Win32
		{13D3B99F-31E8-3925-A55B-BD0B9A03B4C9}.Debug|Win32.ActiveCfg = Debug|Win32
		{13D3B99F-31E8-3925-A55B-BD0B9A03B4C9}.Debug|Win32.Build.0 = Debug|Win32
		{13D3B99F-31E8-3925-A55B-BD0B9A03B4C9}.Release|Win32.ActiveCfg = Release|Win32
		{13D3B99F-31E8-3925-A55B-BD0B9A03B4C9}.Release|Win32.Build.0 = Release|Win32
		{A7D260CB-44F1-3F21-88BD-DF014E75C5BE}.Debug|Win32.ActiveCfg = Debug|Win32
		{A7D260CB-44F1-3F21-88BD-DF014E75C5BE}.Debug|Win32.Build.0 = Debug|Win32
		{A7D260CB-44F1-3F21-88BD-DF014E75C5BE}.Release|Win32.ActiveCfg = Release|Win32
		{A7D260CB-44F1-3F21-88BD-DF014E75C5BE}.Release|Win32.Build.0 = Release|Win32
		{9A33A52E-2398-3259-8FDB-9D138CE002CF}.Debug|Win32.ActiveCfg = Debug|Win32
		{9A33A52E-2398-3259-8FDB-9D138CE002CF}.Debug|Win32.Build.0 = Debug|Win32
		{9A33A52E-2398-3259-8FDB-9D138CE002CF}.Release|Win32.ActiveCfg = Release|Win32
		{9A33A52E-2398-3259-8FDB-9D138CE002CF}.Release|Win32.Build.0 = Release|Win32
		{87EC2A09-3860-3FE3-AF6A-7CB8D446C06B}.Debug|Win32.ActiveCfg = Debug|Win32
		{87EC2A09-3860-3FE3-AF6A-7CB8D446C06B}.Debug|Win32.Build.0 = Debug|Win32
		{87EC2A09-3860-3FE3-AF6A-7CB8D446C06B}.Release|Win32.ActiveCfg = Release|Win32
		{87EC2A09-3860-3FE3-AF6A-7CB8D446C06B}.Release|Win32.Build.0 = Release|Win32
		{FA902945-401A-3606-9077-56203E088C58}.Debug|Win32.ActiveCfg = Debug|Win32
		{FA902945-401A-3606-9077-56203E088C58}.Debug|Win32.Build.0 = Debug|Win32
		{FA902945-401A-3606-9077-56203E088C58}.Release|Win32.ActiveCfg = Release|Win32
		{FA902945-401A-3606-9077-56203E088C58}.Release|Win32.Build.0 = Release|Win32
		{D63AD680-EDFE-3F17-9CC5-7F92ADF5DF58}.Debug|Win32.ActiveCfg = Debug|Win32
		{D63AD680-EDFE-3F17-9CC5-7F92ADF5DF58}.Debug|Win32.Build.0 = Debug|Win32
		{D63AD680-EDFE-3F17-9CC5-7F92ADF5DF58}.Release|Win32.ActiveCfg = Release|Win32
		{D63AD680-EDFE-3F17-9CC5-7F92ADF5DF58}.Release|Win32.Build.0 = Release|Win32
		{1D293A3E-D027-3ADC-810E-7E11E7A51A00}.Debug|Win32.ActiveCfg = Debug|Win32
		{1D293A3E-D027-3ADC-810E-7E11E7A51A00}.Debug|Win32.Build.0 = Debug|Win32
		{1D293A3E-D027-3ADC-810E-7E11E7A51A00}.Release|Win32.ActiveCfg = Release|Win32
		{1D293A3E-D027-3ADC-810E-7E11E7A51A00}.Release|Win32.Build.0 = Release|Win32
		{F9255BB3-7501-3938-82C3-AF538C01732E}.Debug|Win32.ActiveCfg = Debug|Win32
		{F9255BB3-7501-3938-82C3-AF538C01732E}.Debug|Win32.Build.0 = Debug|Win32
		{F9255BB3-7501-3938-82C3-AF538C01732E}.Release|Win32.ActiveCfg = Release|Win32
		{F9255BB3-7501-3938-82C3-AF538C01732E}.Release|Win32.Build.0 = Release|Win32
	EndGlobalSection
	GlobalSection(NestedProjects) = preSolution
		{95459A1B-421C-3FD8-849B-44551C188A6A} = {E5FFD406-813F-3431-8CC0-004F5A9BE04D}
		{0CB45902-82AD-3BC0-89DF-60E22148775A} = {E5FFD406-813F-3431-8CC0-004F5A9BE04D}
		{69FE8F23-0BA6-35F9-83D9-151EB7698844} = {A1294B4D-02B5-327D-9BF2-E21A88722FB1}
		{406FA4EC-97EE-310C-9B8D-60B0D4EA5D76} = {A1294B4D-02B5-327D-9BF2-E21A88722FB1}
		{ACD1ACA6-7FC4-30E2-B33A-EA56CEAE989D} = {A1294B4D-02B5-327D-9BF2-E21A88722FB1}
		{13D3B99F-31E8-3925-A55B-BD0B9A03B4C9} = {A1294B4D-02B5-327D-9BF2-E21A88722FB1}
		{A7D260CB-44F1-3F21-88BD-DF014E75C5BE} = {A1294B4D-02B5-327D-9BF2-E21A88722FB1}
		{9A33A52E-2398-3259-8FDB-9D138CE002CF} = {A1294B4D-02B5-327D-9BF2-E21A88722FB1}
		{87EC2A09-3860-3FE3-AF6A-7CB8D446C06B} = {A1294B4D-02B5-327D-9BF2-E21A88722FB1}
		{FA902945-401A-3606-9077-56203E088C58} = {A1294B4D-02B5-327D-9BF2-E21A88722FB1}
		{D63AD680-EDFE-3F17-9CC5-7F92ADF5DF58} = {A1294B4D-02B5-327D-9BF2-E21A88722FB1}
		{1D293A3E-D027-3ADC-810E-7E11E7A51A00} = {A1294B4D-02B5-327D-9BF2-E21A88722FB1}
		{F9255BB3-7501-3938-82C3-AF538C01732E} = {A1294B4D-02B5-327D-9BF2-E21A88722FB1}
		{6A6320F9-32D8-3AA4-BBCD-B0D00F869B4C} = {352B5538-A4E7-3FA5-90D6-7C3F14BA8966}
	EndGlobalSection
	GlobalSection(ExtensibilityGlobals) = postSolution
		SolutionGuid = {07501B6A-A65F-3898-929F-431B619F7476}
	EndGlobalSection
	GlobalSection(ExtensibilityAddIns) = postSolution
	EndGlobalSection
EndGlobal
